<?xml version="1.0" encoding="utf-8"?>
<Project ToolsVersion="4.0" xmlns="http://schemas.microsoft.com/developer/msbuild/2003">
  <ItemGroup>
    <Filter Include="Source Files">
      <UniqueIdentifier>{4FC737F1-C7A5-4376-A066-2A32D752A2FF}</UniqueIdentifier>
      <Extensions>cpp;c;cc;cxx;def;odl;idl;hpj;bat;asm;asmx</Extensions>
    </Filter>
    <Filter Include="Header Files">
      <UniqueIdentifier>{93995380-89BD-4b04-88EB-625FBE52EBFB}</UniqueIdentifier>
      <Extensions>h;hh;hpp;hxx;hm;inl;inc;xsd</Extensions>
    </Filter>
    <Filter Include="Resource Files">
      <UniqueIdentifier>{67DA6AB6-F800-4c08-8B7A-83BB121AAD01}</UniqueIdentifier>
      <Extensions>rc;ico;cur;bmp;dlg;rc2;rct;bin;rgs;gif;jpg;jpeg;jpe;resx;tiff;tif;png;wav</Extensions>
    </Filter>
  </ItemGroup>
  <ItemGroup>
    <ClCompile Include="src\main.cpp">
      <Filter>Source Files</Filter>
    </ClCompile>
    <ClCompile Include="src\stb_image.cpp">
      <Filter>Source Files</Filter>
    </ClCompile>
    <ClCompile Include="..\..\Libraries\glad\src\glad.c">
      <Filter>Source Files</Filter>
    </ClCompile>
    <ClCompile Include="src\camera.cpp">
      <Filter>Source Files</Filter>
    </ClCompile>
    <ClCompile Include="src\DrawObj.cpp">
      <Filter>Source Files</Filter>
    </ClCompile>
    <ClCompile Include="src\model.cpp">
      <Filter>Source Files</Filter>
    </ClCompile>
    <ClCompile Include="src\Light.cpp">
      <Filter>Source Files</Filter>
    </ClCompile>
    <ClCompile Include="src\shader.cpp">
      <Filter>Source Files</Filter>
    </ClCompile>
    <ClCompile Include="src\Scene.cpp">
      <Filter>Source Files</Filter>
    </ClCompile>
    <ClCompile Include="src\FBOManager.cpp">
      <Filter>Source Files</Filter>
    </ClCompile>
    <ClCompile Include="src\renderer.cpp">
      <Filter>Source Files</Filter>
    </ClCompile>
    <ClCompile Include="src\ShadowCubeMap.cpp">
      <Filter>Source Files</Filter>
    </ClCompile>
    <ClCompile Include="src\ShadowMap.cpp">
      <Filter>Source Files</Filter>
    </ClCompile>
    <ClCompile Include="src\LightManager.cpp">
      <Filter>Source Files</Filter>
    </ClCompile>
  </ItemGroup>
  <ItemGroup>
    <ClInclude Include="src\counter.h">
      <Filter>Header Files</Filter>
    </ClInclude>
    <ClInclude Include="src\glHelper.h">
      <Filter>Header Files</Filter>
    </ClInclude>
    <ClInclude Include="src\light.h">
      <Filter>Header Files</Filter>
    </ClInclude>
    <ClInclude Include="src\linmath.h">
      <Filter>Header Files</Filter>
    </ClInclude>
    <ClInclude Include="src\mesh.h">
      <Filter>Header Files</Filter>
    </ClInclude>
    <ClInclude Include="src\model.h">
      <Filter>Header Files</Filter>
    </ClInclude>
    <ClInclude Include="src\renderer.h">
      <Filter>Header Files</Filter>
    </ClInclude>
    <ClInclude Include="src\shader.h">
      <Filter>Header Files</Filter>
    </ClInclude>
    <ClInclude Include="src\stb_image.h">
      <Filter>Header Files</Filter>
    </ClInclude>
    <ClInclude Include="src\vertexData.h">
      <Filter>Header Files</Filter>
    </ClInclude>
    <ClInclude Include="src\skybox.h">
      <Filter>Header Files</Filter>
    </ClInclude>
    <ClInclude Include="src\DrawObj.h">
      <Filter>Header Files</Filter>
    </ClInclude>
    <ClInclude Include="src\TextureManager.h">
      <Filter>Header Files</Filter>
    </ClInclude>
    <ClInclude Include="src\camera.h">
      <Filter>Header Files</Filter>
    </ClInclude>
    <ClInclude Include="src\Scene.h">
      <Filter>Header Files</Filter>
    </ClInclude>
    <ClInclude Include="src\FBOManager.h">
      <Filter>Header Files</Filter>
    </ClInclude>
    <ClInclude Include="src\ShadowCubeMap.h">
      <Filter>Header Files</Filter>
    </ClInclude>
    <ClInclude Include="src\ShadowMap.h">
      <Filter>Header Files</Filter>
    </ClInclude>
    <ClInclude Include="src\LightManager.h">
      <Filter>Header Files</Filter>
    </ClInclude>
  </ItemGroup>
  <ItemGroup>
    <None Include="src\shaders\basic.frag">
      <Filter>Resource Files</Filter>
    </None>
    <None Include="src\shaders\basic.vert">
      <Filter>Resource Files</Filter>
    </None>
    <None Include="src\shaders\depth.frag">
      <Filter>Resource Files</Filter>
    </None>
    <None Include="src\shaders\depth.vert">
      <Filter>Resource Files</Filter>
    </None>
    <None Include="src\shaders\light.frag">
      <Filter>Resource Files</Filter>
    </None>
    <None Include=".gitignore" />
    <None Include="src\shaders\highlight.frag">
      <Filter>Resource Files</Filter>
    </None>
    <None Include="src\shaders\texture.frag">
      <Filter>Resource Files</Filter>
    </None>
    <None Include="src\shaders\basic2D.frag">
      <Filter>Resource Files</Filter>
    </None>
    <None Include="src\shaders\basic2D.vert">
      <Filter>Resource Files</Filter>
    </None>
    <None Include="src\shaders\grey2D.frag">
      <Filter>Resource Files</Filter>
    </None>
    <None Include="src\shaders\sharpen2D.frag">
      <Filter>Resource Files</Filter>
    </None>
    <None Include="src\shaders\blur2D.frag">
      <Filter>Resource Files</Filter>
    </None>
    <None Include="src\shaders\edge2D.frag">
      <Filter>Resource Files</Filter>
    </None>
    <None Include="src\shaders\inverse2D.frag">
      <Filter>Resource Files</Filter>
    </None>
    <None Include="src\shaders\skybox.vert">
      <Filter>Resource Files</Filter>
    </None>
    <None Include="src\shaders\skybox.frag">
      <Filter>Resource Files</Filter>
    </None>
    <None Include="src\shaders\reflection.vert">
      <Filter>Resource Files</Filter>
    </None>
    <None Include="src\shaders\reflection.frag">
      <Filter>Resource Files</Filter>
    </None>
    <None Include="src\shaders\trans.frag">
      <Filter>Resource Files</Filter>
    </None>
    <None Include="src\shaders\explode.vert">
      <Filter>Resource Files</Filter>
    </None>
    <None Include="src\shaders\explode.geom">
      <Filter>Resource Files</Filter>
    </None>
    <None Include="src\shaders\phongLighting.frag">
      <Filter>Resource Files</Filter>
    </None>
    <None Include="src\shaders\blinnPhongLighting.frag">
      <Filter>Resource Files</Filter>
    </None>
    <None Include="src\shaders\lighting.vert">
      <Filter>Resource Files</Filter>
    </None>
    <None Include="src\shaders\shadowDepth.frag">
      <Filter>Resource Files</Filter>
    </None>
    <None Include="src\shaders\shadowDepth.vert">
      <Filter>Resource Files</Filter>
    </None>
    <None Include="src\shaders\shadowDebug.vert">
      <Filter>Resource Files</Filter>
    </None>
    <None Include="src\shaders\shadowDebug.frag">
      <Filter>Resource Files</Filter>
    </None>
    <None Include="src\shaders\shadowDepthCube.vert">
      <Filter>Resource Files</Filter>
    </None>
    <None Include="src\shaders\shadowDepthCube.frag">
      <Filter>Resource Files</Filter>
    </None>
    <None Include="src\shaders\shadowDepthCube.geom">
      <Filter>Resource Files</Filter>
    </None>
    <None Include="src\shaders\shadowCubeDebug.vert">
      <Filter>Resource Files</Filter>
    </None>
    <None Include="src\shaders\shadowCubeDebug.frag">
      <Filter>Resource Files</Filter>
    </None>
    <None Include="src\shaders\BPLightingNorm.frag">
      <Filter>Resource Files</Filter>
    </None>
    <None Include="src\shaders\BPLightingNorm.vert">
      <Filter>Resource Files</Filter>
    </None>
    <None Include="src\shaders\hdr2D.frag">
      <Filter>Resource Files</Filter>
    </None>
    <None Include="src\shaders\gaussianBlur2D.frag">
      <Filter>Resource Files</Filter>
    </None>
    <None Include="src\shaders\gaussianBlur2D.vert">
      <Filter>Resource Files</Filter>
    </None>
    <None Include="src\shaders\bloom2D.frag">
      <Filter>Resource Files</Filter>
    </None>
    <None Include="src\shaders\bloom2D.vert">
      <Filter>Resource Files</Filter>
    </None>
    <None Include="BPLightingShadows.frag">
      <Filter>Resource Files</Filter>
    </None>
    <None Include="src\shaders\tbnLines.vert">
      <Filter>Resource Files</Filter>
    </None>
    <None Include="src\shaders\tbnLines.geom">
      <Filter>Resource Files</Filter>
    </None>
    <None Include="src\shaders\tbnLines.frag">
      <Filter>Resource Files</Filter>
    </None>
    <None Include="src\shaders\vertexNormalLines.frag">
      <Filter>Resource Files</Filter>
    </None>
    <None Include="src\shaders\vertexNormalLines.geom">
      <Filter>Resource Files</Filter>
    </None>
    <None Include="src\shaders\vertexNormalLines.vert">
      <Filter>Resource Files</Filter>
    </None>
    <None Include="src\shaders\faceNormalLines.frag">
      <Filter>Resource Files</Filter>
    </None>
    <None Include="src\shaders\faceNormalLines.geom">
      <Filter>Resource Files</Filter>
    </None>
    <None Include="src\shaders\faceNormalLines.vert">
      <Filter>Resource Files</Filter>
    </None>
    <None Include="src\shaders\gBuffer.frag">
      <Filter>Resource Files</Filter>
    </None>
    <None Include="src\shaders\deferred_shading.vert">
      <Filter>Resource Files</Filter>
    </None>
    <None Include="src\shaders\deferred_shading.frag">
      <Filter>Resource Files</Filter>
    </None>
    <None Include="src\shaders\gBuffer.vert">
      <Filter>Resource Files</Filter>
    </None>
    <None Include="src\shaders\directionalShadows.frag">
      <Filter>Resource Files</Filter>
    </None>
    <None Include="src\shaders\directionalShadows.vert">
      <Filter>Resource Files</Filter>
    </None>
  </ItemGroup>
</Project>